// !$*UTF8*$!
{
	archiveVersion = 1;
	classes = {
	};
	objectVersion = 42;
	objects = {

/* Begin PBXBuildFile section */
		002F39FA09D0881F00EBEB88 /* SDL.framework in Frameworks */ = {isa = PBXBuildFile; fileRef = 002F39F909D0881F00EBEB88 /* SDL.framework */; };
		002F3A0009D0884600EBEB88 /* SDL.framework in Copy Frameworks into .app bundle */ = {isa = PBXBuildFile; fileRef = 002F39F909D0881F00EBEB88 /* SDL.framework */; };
		002F3A2E09D0888800EBEB88 /* SDLMain.m in Sources */ = {isa = PBXBuildFile; fileRef = 002F3A2C09D0888800EBEB88 /* SDLMain.m */; };
		002F3C0109D093BD00EBEB88 /* OpenGL.framework in Frameworks */ = {isa = PBXBuildFile; fileRef = 002F3C0009D093BD00EBEB88 /* OpenGL.framework */; };
		8D11072B0486CEB800E47090 /* InfoPlist.strings in Resources */ = {isa = PBXBuildFile; fileRef = 089C165CFE840E0CC02AAC07 /* InfoPlist.strings */; };
		8D11072F0486CEB800E47090 /* Cocoa.framework in Frameworks */ = {isa = PBXBuildFile; fileRef = 1058C7A1FEA54F0111CA2CBB /* Cocoa.framework */; };
		AA08848E0D27F58F00D7793D /* soldado.cpp in Sources */ = {isa = PBXBuildFile; fileRef = AA08848D0D27F58F00D7793D /* soldado.cpp */; };
		AA0886E80D28977E00D7793D /* SDL_mixer.framework in Frameworks */ = {isa = PBXBuildFile; fileRef = AA0886E70D28977E00D7793D /* SDL_mixer.framework */; };
		AA3971590D2C5E1500855D68 /* StrUtils.cpp in Sources */ = {isa = PBXBuildFile; fileRef = AA3971580D2C5E1500855D68 /* StrUtils.cpp */; };
		AA667BCD0D353E0B0003657B /* glCamera.cc in Sources */ = {isa = PBXBuildFile; fileRef = AA667BC50D353E0B0003657B /* glCamera.cc */; };
		AA667BCE0D353E0B0003657B /* glPoint.cc in Sources */ = {isa = PBXBuildFile; fileRef = AA667BC70D353E0B0003657B /* glPoint.cc */; };
		AA667BCF0D353E0B0003657B /* glQuaternion.cc in Sources */ = {isa = PBXBuildFile; fileRef = AA667BC90D353E0B0003657B /* glQuaternion.cc */; };
		AA667BD00D353E0B0003657B /* glVector.cc in Sources */ = {isa = PBXBuildFile; fileRef = AA667BCB0D353E0B0003657B /* glVector.cc */; };
		AA7F76C50D3124670088B254 /* porta.cpp in Sources */ = {isa = PBXBuildFile; fileRef = AA7F76C40D3124670088B254 /* porta.cpp */; };
		AA9D579B0D27C34100089D4E /* items.cpp in Sources */ = {isa = PBXBuildFile; fileRef = AA9D579A0D27C34100089D4E /* items.cpp */; };
		AAB2E5410D2AD3E400B65B5E /* libGLEW.a in Frameworks */ = {isa = PBXBuildFile; fileRef = AAB2E5400D2AD3E400B65B5E /* libGLEW.a */; };
		AAB2E5440D2AD5F100B65B5E /* libjpeg.a in Frameworks */ = {isa = PBXBuildFile; fileRef = AAB2E5430D2AD5F100B65B5E /* libjpeg.a */; };
		AABE74580D26CC2D00A3AA8B /* Mathlib.inl in Resources */ = {isa = PBXBuildFile; fileRef = AABE744C0D26CC2D00A3AA8B /* Mathlib.inl */; };
		AABE74590D26CC2D00A3AA8B /* Texture.cpp in Sources */ = {isa = PBXBuildFile; fileRef = AABE744F0D26CC2D00A3AA8B /* Texture.cpp */; };
		AABE745A0D26CC2D00A3AA8B /* Md3Model.cpp in Sources */ = {isa = PBXBuildFile; fileRef = AABE74510D26CC2D00A3AA8B /* Md3Model.cpp */; };
		AABE745B0D26CC2D00A3AA8B /* Image.cpp in Sources */ = {isa = PBXBuildFile; fileRef = AABE74520D26CC2D00A3AA8B /* Image.cpp */; };
		AABE745C0D26CC2D00A3AA8B /* Md3Player.cpp in Sources */ = {isa = PBXBuildFile; fileRef = AABE74540D26CC2D00A3AA8B /* Md3Player.cpp */; };
		AABE745D0D26CC2D00A3AA8B /* DataManager.inl in Resources */ = {isa = PBXBuildFile; fileRef = AABE74560D26CC2D00A3AA8B /* DataManager.inl */; };
		AABE74840D26CC5B00A3AA8B /* config.cpp in Sources */ = {isa = PBXBuildFile; fileRef = AABE746D0D26CC5B00A3AA8B /* config.cpp */; };
		AABE74850D26CC5B00A3AA8B /* guard.cpp in Sources */ = {isa = PBXBuildFile; fileRef = AABE746E0D26CC5B00A3AA8B /* guard.cpp */; };
		AABE74860D26CC5B00A3AA8B /* sound.cpp in Sources */ = {isa = PBXBuildFile; fileRef = AABE74700D26CC5B00A3AA8B /* sound.cpp */; };
		AABE74870D26CC5B00A3AA8B /* fisica.cpp in Sources */ = {isa = PBXBuildFile; fileRef = AABE74710D26CC5B00A3AA8B /* fisica.cpp */; };
		AABE74880D26CC5B00A3AA8B /* rendering.cpp in Sources */ = {isa = PBXBuildFile; fileRef = AABE74730D26CC5B00A3AA8B /* rendering.cpp */; };
		AABE74890D26CC5B00A3AA8B /* hud.cpp in Sources */ = {isa = PBXBuildFile; fileRef = AABE74780D26CC5B00A3AA8B /* hud.cpp */; };
		AABE748A0D26CC5B00A3AA8B /* player.cpp in Sources */ = {isa = PBXBuildFile; fileRef = AABE747A0D26CC5B00A3AA8B /* player.cpp */; };
		AABE748B0D26CC5B00A3AA8B /* map.cpp in Sources */ = {isa = PBXBuildFile; fileRef = AABE747B0D26CC5B00A3AA8B /* map.cpp */; };
		AABE748D0D26CC5B00A3AA8B /* console.cpp in Sources */ = {isa = PBXBuildFile; fileRef = AABE747E0D26CC5B00A3AA8B /* console.cpp */; };
		AABE748E0D26CC5B00A3AA8B /* main.cpp in Sources */ = {isa = PBXBuildFile; fileRef = AABE74810D26CC5B00A3AA8B /* main.cpp */; };
		AABE748F0D26CC5B00A3AA8B /* game.cpp in Sources */ = {isa = PBXBuildFile; fileRef = AABE74830D26CC5B00A3AA8B /* game.cpp */; };
		AAEE40520D29371200DE9F02 /* input.cpp in Sources */ = {isa = PBXBuildFile; fileRef = AAEE40500D29371200DE9F02 /* input.cpp */; };
		AAEE411F0D295D9600DE9F02 /* SDL_ttf.framework in Frameworks */ = {isa = PBXBuildFile; fileRef = AAEE411E0D295D9600DE9F02 /* SDL_ttf.framework */; };
/* End PBXBuildFile section */

/* Begin PBXCopyFilesBuildPhase section */
		002F39FD09D0883400EBEB88 /* Copy Frameworks into .app bundle */ = {
			isa = PBXCopyFilesBuildPhase;
			buildActionMask = 2147483647;
			dstPath = "";
			dstSubfolderSpec = 10;
			files = (
				002F3A0009D0884600EBEB88 /* SDL.framework in Copy Frameworks into .app bundle */,
			);
			name = "Copy Frameworks into .app bundle";
			runOnlyForDeploymentPostprocessing = 0;
		};
/* End PBXCopyFilesBuildPhase section */

/* Begin PBXFileReference section */
		002F39F909D0881F00EBEB88 /* SDL.framework */ = {isa = PBXFileReference; lastKnownFileType = wrapper.framework; name = SDL.framework; path = /Library/Frameworks/SDL.framework; sourceTree = "<absolute>"; };
		002F3A2B09D0888800EBEB88 /* SDLMain.h */ = {isa = PBXFileReference; fileEncoding = 30; lastKnownFileType = sourcecode.c.h; path = SDLMain.h; sourceTree = SOURCE_ROOT; };
		002F3A2C09D0888800EBEB88 /* SDLMain.m */ = {isa = PBXFileReference; fileEncoding = 30; lastKnownFileType = sourcecode.c.objc; path = SDLMain.m; sourceTree = SOURCE_ROOT; };
		002F3C0009D093BD00EBEB88 /* OpenGL.framework */ = {isa = PBXFileReference; lastKnownFileType = wrapper.framework; name = OpenGL.framework; path = /System/Library/Frameworks/OpenGL.framework; sourceTree = "<absolute>"; };
		089C165DFE840E0CC02AAC07 /* English */ = {isa = PBXFileReference; fileEncoding = 10; lastKnownFileType = text.plist.strings; name = English; path = English.lproj/InfoPlist.strings; sourceTree = "<group>"; };
		1058C7A1FEA54F0111CA2CBB /* Cocoa.framework */ = {isa = PBXFileReference; lastKnownFileType = wrapper.framework; name = Cocoa.framework; path = /System/Library/Frameworks/Cocoa.framework; sourceTree = "<absolute>"; };
		29B97324FDCFA39411CA2CEA /* AppKit.framework */ = {isa = PBXFileReference; lastKnownFileType = wrapper.framework; name = AppKit.framework; path = /System/Library/Frameworks/AppKit.framework; sourceTree = "<absolute>"; };
		29B97325FDCFA39411CA2CEA /* Foundation.framework */ = {isa = PBXFileReference; lastKnownFileType = wrapper.framework; name = Foundation.framework; path = /System/Library/Frameworks/Foundation.framework; sourceTree = "<absolute>"; };
		32CA4F630368D1EE00C91783 /* «PROJECTNAME»_Prefix.pch */ = {isa = PBXFileReference; fileEncoding = 4; lastKnownFileType = file; path = "«PROJECTNAME»_Prefix.pch"; sourceTree = "<group>"; };
		8D1107310486CEB800E47090 /* Info.plist */ = {isa = PBXFileReference; fileEncoding = 4; lastKnownFileType = text.plist; path = Info.plist; sourceTree = "<group>"; };
		8D1107320486CEB800E47090 /* game.app */ = {isa = PBXFileReference; explicitFileType = wrapper.application; includeInIndex = 0; path = game.app; sourceTree = BUILT_PRODUCTS_DIR; };
		AA08848C0D27F58F00D7793D /* soldado.h */ = {isa = PBXFileReference; fileEncoding = 4; lastKnownFileType = sourcecode.c.h; name = soldado.h; path = ../soldado.h; sourceTree = SOURCE_ROOT; };
		AA08848D0D27F58F00D7793D /* soldado.cpp */ = {isa = PBXFileReference; fileEncoding = 4; lastKnownFileType = sourcecode.cpp.cpp; name = soldado.cpp; path = ../soldado.cpp; sourceTree = SOURCE_ROOT; };
		AA0886E70D28977E00D7793D /* SDL_mixer.framework */ = {isa = PBXFileReference; lastKnownFileType = wrapper.framework; name = SDL_mixer.framework; path = /Library/Frameworks/SDL_mixer.framework; sourceTree = "<absolute>"; };
		AA3971570D2C5E1500855D68 /* StrUtils.h */ = {isa = PBXFileReference; fileEncoding = 5; lastKnownFileType = sourcecode.c.h; name = StrUtils.h; path = ../StrUtils.h; sourceTree = SOURCE_ROOT; };
		AA3971580D2C5E1500855D68 /* StrUtils.cpp */ = {isa = PBXFileReference; fileEncoding = 5; lastKnownFileType = sourcecode.cpp.cpp; name = StrUtils.cpp; path = ../StrUtils.cpp; sourceTree = SOURCE_ROOT; };
		AA667BC50D353E0B0003657B /* glCamera.cc */ = {isa = PBXFileReference; fileEncoding = 4; lastKnownFileType = sourcecode.cpp.cpp; name = glCamera.cc; path = ../camera/glCamera.cc; sourceTree = SOURCE_ROOT; };
		AA667BC60D353E0B0003657B /* glCamera.h */ = {isa = PBXFileReference; fileEncoding = 4; lastKnownFileType = sourcecode.c.h; name = glCamera.h; path = ../camera/glCamera.h; sourceTree = SOURCE_ROOT; };
		AA667BC70D353E0B0003657B /* glPoint.cc */ = {isa = PBXFileReference; fileEncoding = 4; lastKnownFileType = sourcecode.cpp.cpp; name = glPoint.cc; path = ../camera/glPoint.cc; sourceTree = SOURCE_ROOT; };
		AA667BC80D353E0B0003657B /* glPoint.h */ = {isa = PBXFileReference; fileEncoding = 4; lastKnownFileType = sourcecode.c.h; name = glPoint.h; path = ../camera/glPoint.h; sourceTree = SOURCE_ROOT; };
		AA667BC90D353E0B0003657B /* glQuaternion.cc */ = {isa = PBXFileReference; fileEncoding = 4; lastKnownFileType = sourcecode.cpp.cpp; name = glQuaternion.cc; path = ../camera/glQuaternion.cc; sourceTree = SOURCE_ROOT; };
		AA667BCA0D353E0B0003657B /* glQuaternion.h */ = {isa = PBXFileReference; fileEncoding = 4; lastKnownFileType = sourcecode.c.h; name = glQuaternion.h; path = ../camera/glQuaternion.h; sourceTree = SOURCE_ROOT; };
		AA667BCB0D353E0B0003657B /* glVector.cc */ = {isa = PBXFileReference; fileEncoding = 4; lastKnownFileType = sourcecode.cpp.cpp; name = glVector.cc; path = ../camera/glVector.cc; sourceTree = SOURCE_ROOT; };
		AA667BCC0D353E0B0003657B /* glVector.h */ = {isa = PBXFileReference; fileEncoding = 4; lastKnownFileType = sourcecode.c.h; name = glVector.h; path = ../camera/glVector.h; sourceTree = SOURCE_ROOT; };
		AA7F76C30D3124670088B254 /* porta.h */ = {isa = PBXFileReference; fileEncoding = 4; lastKnownFileType = sourcecode.c.h; name = porta.h; path = ../porta.h; sourceTree = SOURCE_ROOT; };
		AA7F76C40D3124670088B254 /* porta.cpp */ = {isa = PBXFileReference; fileEncoding = 4; lastKnownFileType = sourcecode.cpp.cpp; name = porta.cpp; path = ../porta.cpp; sourceTree = SOURCE_ROOT; };
		AA9D57990D27C34100089D4E /* items.h */ = {isa = PBXFileReference; fileEncoding = 4; lastKnownFileType = sourcecode.c.h; name = items.h; path = ../items.h; sourceTree = SOURCE_ROOT; };
		AA9D579A0D27C34100089D4E /* items.cpp */ = {isa = PBXFileReference; fileEncoding = 4; lastKnownFileType = sourcecode.cpp.cpp; name = items.cpp; path = ../items.cpp; sourceTree = SOURCE_ROOT; };
		AAB2E5400D2AD3E400B65B5E /* libGLEW.a */ = {isa = PBXFileReference; lastKnownFileType = archive.ar; name = libGLEW.a; path = lib/libGLEW.a; sourceTree = "<group>"; };
		AAB2E5430D2AD5F100B65B5E /* libjpeg.a */ = {isa = PBXFileReference; lastKnownFileType = archive.ar; name = libjpeg.a; path = lib/libjpeg.a; sourceTree = "<group>"; };
		AABE744B0D26CC2D00A3AA8B /* Md3Model.h */ = {isa = PBXFileReference; fileEncoding = 4; lastKnownFileType = sourcecode.c.h; name = Md3Model.h; path = ../md3/Md3Model.h; sourceTree = SOURCE_ROOT; };
		AABE744C0D26CC2D00A3AA8B /* Mathlib.inl */ = {isa = PBXFileReference; fileEncoding = 4; lastKnownFileType = text; name = Mathlib.inl; path = ../md3/Mathlib.inl; sourceTree = SOURCE_ROOT; };
		AABE744D0D26CC2D00A3AA8B /* Md3Player.h */ = {isa = PBXFileReference; fileEncoding = 4; lastKnownFileType = sourcecode.c.h; name = Md3Player.h; path = ../md3/Md3Player.h; sourceTree = SOURCE_ROOT; };
		AABE744E0D26CC2D00A3AA8B /* Image.h */ = {isa = PBXFileReference; fileEncoding = 4; lastKnownFileType = sourcecode.c.h; name = Image.h; path = ../md3/Image.h; sourceTree = SOURCE_ROOT; };
		AABE744F0D26CC2D00A3AA8B /* Texture.cpp */ = {isa = PBXFileReference; fileEncoding = 4; lastKnownFileType = sourcecode.cpp.cpp; name = Texture.cpp; path = ../md3/Texture.cpp; sourceTree = SOURCE_ROOT; };
		AABE74500D26CC2D00A3AA8B /* TextureManager.h */ = {isa = PBXFileReference; fileEncoding = 4; lastKnownFileType = sourcecode.c.h; name = TextureManager.h; path = ../md3/TextureManager.h; sourceTree = SOURCE_ROOT; };
		AABE74510D26CC2D00A3AA8B /* Md3Model.cpp */ = {isa = PBXFileReference; fileEncoding = 4; lastKnownFileType = sourcecode.cpp.cpp; name = Md3Model.cpp; path = ../md3/Md3Model.cpp; sourceTree = SOURCE_ROOT; };
		AABE74520D26CC2D00A3AA8B /* Image.cpp */ = {isa = PBXFileReference; fileEncoding = 4; lastKnownFileType = sourcecode.cpp.cpp; name = Image.cpp; path = ../md3/Image.cpp; sourceTree = SOURCE_ROOT; };
		AABE74530D26CC2D00A3AA8B /* Texture.h */ = {isa = PBXFileReference; fileEncoding = 4; lastKnownFileType = sourcecode.c.h; name = Texture.h; path = ../md3/Texture.h; sourceTree = SOURCE_ROOT; };
		AABE74540D26CC2D00A3AA8B /* Md3Player.cpp */ = {isa = PBXFileReference; fileEncoding = 4; lastKnownFileType = sourcecode.cpp.cpp; name = Md3Player.cpp; path = ../md3/Md3Player.cpp; sourceTree = SOURCE_ROOT; };
		AABE74550D26CC2D00A3AA8B /* DataManager.h */ = {isa = PBXFileReference; fileEncoding = 4; lastKnownFileType = sourcecode.c.h; name = DataManager.h; path = ../md3/DataManager.h; sourceTree = SOURCE_ROOT; };
		AABE74560D26CC2D00A3AA8B /* DataManager.inl */ = {isa = PBXFileReference; fileEncoding = 4; lastKnownFileType = text; name = DataManager.inl; path = ../md3/DataManager.inl; sourceTree = SOURCE_ROOT; };
		AABE74570D26CC2D00A3AA8B /* Mathlib.h */ = {isa = PBXFileReference; fileEncoding = 4; lastKnownFileType = sourcecode.c.h; name = Mathlib.h; path = ../md3/Mathlib.h; sourceTree = SOURCE_ROOT; };
		AABE746C0D26CC5B00A3AA8B /* console.h */ = {isa = PBXFileReference; fileEncoding = 4; lastKnownFileType = sourcecode.c.h; name = console.h; path = ../console.h; sourceTree = SOURCE_ROOT; };
		AABE746D0D26CC5B00A3AA8B /* config.cpp */ = {isa = PBXFileReference; fileEncoding = 4; lastKnownFileType = sourcecode.cpp.cpp; name = config.cpp; path = ../config.cpp; sourceTree = SOURCE_ROOT; };
		AABE746E0D26CC5B00A3AA8B /* guard.cpp */ = {isa = PBXFileReference; fileEncoding = 4; lastKnownFileType = sourcecode.cpp.cpp; name = guard.cpp; path = ../guard.cpp; sourceTree = SOURCE_ROOT; };
		AABE746F0D26CC5B00A3AA8B /* config.h */ = {isa = PBXFileReference; fileEncoding = 4; lastKnownFileType = sourcecode.c.h; name = config.h; path = ../config.h; sourceTree = SOURCE_ROOT; };
		AABE74700D26CC5B00A3AA8B /* sound.cpp */ = {isa = PBXFileReference; fileEncoding = 4; lastKnownFileType = sourcecode.cpp.cpp; name = sound.cpp; path = ../sound.cpp; sourceTree = SOURCE_ROOT; };
		AABE74710D26CC5B00A3AA8B /* fisica.cpp */ = {isa = PBXFileReference; fileEncoding = 4; lastKnownFileType = sourcecode.cpp.cpp; name = fisica.cpp; path = ../fisica.cpp; sourceTree = SOURCE_ROOT; };
		AABE74720D26CC5B00A3AA8B /* hud.h */ = {isa = PBXFileReference; fileEncoding = 4; lastKnownFileType = sourcecode.c.h; name = hud.h; path = ../hud.h; sourceTree = SOURCE_ROOT; };
		AABE74730D26CC5B00A3AA8B /* rendering.cpp */ = {isa = PBXFileReference; fileEncoding = 4; lastKnownFileType = sourcecode.cpp.cpp; name = rendering.cpp; path = ../rendering.cpp; sourceTree = SOURCE_ROOT; };
		AABE74740D26CC5B00A3AA8B /* map.h */ = {isa = PBXFileReference; fileEncoding = 4; lastKnownFileType = sourcecode.c.h; name = map.h; path = ../map.h; sourceTree = SOURCE_ROOT; };
		AABE74750D26CC5B00A3AA8B /* sound.h */ = {isa = PBXFileReference; fileEncoding = 4; lastKnownFileType = sourcecode.c.h; name = sound.h; path = ../sound.h; sourceTree = SOURCE_ROOT; };
		AABE74760D26CC5B00A3AA8B /* guard.h */ = {isa = PBXFileReference; fileEncoding = 4; lastKnownFileType = sourcecode.c.h; name = guard.h; path = ../guard.h; sourceTree = SOURCE_ROOT; };
		AABE74770D26CC5B00A3AA8B /* player.h */ = {isa = PBXFileReference; fileEncoding = 4; lastKnownFileType = sourcecode.c.h; name = player.h; path = ../player.h; sourceTree = SOURCE_ROOT; };
		AABE74780D26CC5B00A3AA8B /* hud.cpp */ = {isa = PBXFileReference; fileEncoding = 4; lastKnownFileType = sourcecode.cpp.cpp; name = hud.cpp; path = ../hud.cpp; sourceTree = SOURCE_ROOT; };
		AABE747A0D26CC5B00A3AA8B /* player.cpp */ = {isa = PBXFileReference; fileEncoding = 4; lastKnownFileType = sourcecode.cpp.cpp; name = player.cpp; path = ../player.cpp; sourceTree = SOURCE_ROOT; };
		AABE747B0D26CC5B00A3AA8B /* map.cpp */ = {isa = PBXFileReference; fileEncoding = 4; lastKnownFileType = sourcecode.cpp.cpp; name = map.cpp; path = ../map.cpp; sourceTree = SOURCE_ROOT; };
		AABE747D0D26CC5B00A3AA8B /* game.h */ = {isa = PBXFileReference; fileEncoding = 4; lastKnownFileType = sourcecode.c.h; name = game.h; path = ../game.h; sourceTree = SOURCE_ROOT; };
		AABE747E0D26CC5B00A3AA8B /* console.cpp */ = {isa = PBXFileReference; fileEncoding = 4; lastKnownFileType = sourcecode.cpp.cpp; name = console.cpp; path = ../console.cpp; sourceTree = SOURCE_ROOT; };
		AABE747F0D26CC5B00A3AA8B /* fisica.h */ = {isa = PBXFileReference; fileEncoding = 4; lastKnownFileType = sourcecode.c.h; name = fisica.h; path = ../fisica.h; sourceTree = SOURCE_ROOT; };
		AABE74800D26CC5B00A3AA8B /* rendering.h */ = {isa = PBXFileReference; fileEncoding = 4; lastKnownFileType = sourcecode.c.h; name = rendering.h; path = ../rendering.h; sourceTree = SOURCE_ROOT; };
		AABE74810D26CC5B00A3AA8B /* main.cpp */ = {isa = PBXFileReference; fileEncoding = 4; lastKnownFileType = sourcecode.cpp.cpp; name = main.cpp; path = ../main.cpp; sourceTree = SOURCE_ROOT; };
		AABE74820D26CC5B00A3AA8B /* main.h */ = {isa = PBXFileReference; fileEncoding = 4; lastKnownFileType = sourcecode.c.h; name = main.h; path = ../main.h; sourceTree = SOURCE_ROOT; };
		AABE74830D26CC5B00A3AA8B /* game.cpp */ = {isa = PBXFileReference; fileEncoding = 4; lastKnownFileType = sourcecode.cpp.cpp; name = game.cpp; path = ../game.cpp; sourceTree = SOURCE_ROOT; };
		AAEE40500D29371200DE9F02 /* input.cpp */ = {isa = PBXFileReference; fileEncoding = 4; lastKnownFileType = sourcecode.cpp.cpp; name = input.cpp; path = ../input.cpp; sourceTree = SOURCE_ROOT; };
		AAEE40510D29371200DE9F02 /* input.h */ = {isa = PBXFileReference; fileEncoding = 4; lastKnownFileType = sourcecode.c.h; name = input.h; path = ../input.h; sourceTree = SOURCE_ROOT; };
		AAEE411E0D295D9600DE9F02 /* SDL_ttf.framework */ = {isa = PBXFileReference; lastKnownFileType = wrapper.framework; name = SDL_ttf.framework; path = /Library/Frameworks/SDL_ttf.framework; sourceTree = "<absolute>"; };
/* End PBXFileReference section */

/* Begin PBXFrameworksBuildPhase section */
		8D11072E0486CEB800E47090 /* Frameworks */ = {
			isa = PBXFrameworksBuildPhase;
			buildActionMask = 2147483647;
			files = (
				002F39FA09D0881F00EBEB88 /* SDL.framework in Frameworks */,
				8D11072F0486CEB800E47090 /* Cocoa.framework in Frameworks */,
				002F3C0109D093BD00EBEB88 /* OpenGL.framework in Frameworks */,
				AA0886E80D28977E00D7793D /* SDL_mixer.framework in Frameworks */,
				AAEE411F0D295D9600DE9F02 /* SDL_ttf.framework in Frameworks */,
				AAB2E5410D2AD3E400B65B5E /* libGLEW.a in Frameworks */,
				AAB2E5440D2AD5F100B65B5E /* libjpeg.a in Frameworks */,
			);
			runOnlyForDeploymentPostprocessing = 0;
		};
/* End PBXFrameworksBuildPhase section */

/* Begin PBXGroup section */
		080E96DDFE201D6D7F000001 /* SDL */ = {
			isa = PBXGroup;
			children = (
				002F3A2B09D0888800EBEB88 /* SDLMain.h */,
				002F3A2C09D0888800EBEB88 /* SDLMain.m */,
			);
			name = SDL;
			sourceTree = "<group>";
		};
		1058C7A0FEA54F0111CA2CBB /* Linked Frameworks */ = {
			isa = PBXGroup;
			children = (
				AAEE411E0D295D9600DE9F02 /* SDL_ttf.framework */,
				AA0886E70D28977E00D7793D /* SDL_mixer.framework */,
				002F39F909D0881F00EBEB88 /* SDL.framework */,
				1058C7A1FEA54F0111CA2CBB /* Cocoa.framework */,
				002F3C0009D093BD00EBEB88 /* OpenGL.framework */,
			);
			name = "Linked Frameworks";
			sourceTree = "<group>";
		};
		1058C7A2FEA54F0111CA2CBB /* Other Frameworks */ = {
			isa = PBXGroup;
			children = (
				29B97324FDCFA39411CA2CEA /* AppKit.framework */,
				29B97325FDCFA39411CA2CEA /* Foundation.framework */,
			);
			name = "Other Frameworks";
			sourceTree = "<group>";
		};
		19C28FACFE9D520D11CA2CBB /* Products */ = {
			isa = PBXGroup;
			children = (
				8D1107320486CEB800E47090 /* game.app */,
			);
			name = Products;
			sourceTree = "<group>";
		};
		29B97314FDCFA39411CA2CEA /* «PROJECTNAMEASXML» */ = {
			isa = PBXGroup;
			children = (
				AABE743E0D26CC0600A3AA8B /* Source */,
				29B97315FDCFA39411CA2CEA /* Other Sources */,
				29B97317FDCFA39411CA2CEA /* Resources */,
				29B97323FDCFA39411CA2CEA /* Frameworks */,
				19C28FACFE9D520D11CA2CBB /* Products */,
			);
			name = "«PROJECTNAMEASXML»";
			sourceTree = "<group>";
		};
		29B97315FDCFA39411CA2CEA /* Other Sources */ = {
			isa = PBXGroup;
			children = (
				32CA4F630368D1EE00C91783 /* «PROJECTNAME»_Prefix.pch */,
			);
			name = "Other Sources";
			sourceTree = "<group>";
		};
		29B97317FDCFA39411CA2CEA /* Resources */ = {
			isa = PBXGroup;
			children = (
				8D1107310486CEB800E47090 /* Info.plist */,
				089C165CFE840E0CC02AAC07 /* InfoPlist.strings */,
			);
			name = Resources;
			sourceTree = "<group>";
		};
		29B97323FDCFA39411CA2CEA /* Frameworks */ = {
			isa = PBXGroup;
			children = (
				AABE74960D26CC7E00A3AA8B /* lib */,
				1058C7A0FEA54F0111CA2CBB /* Linked Frameworks */,
				1058C7A2FEA54F0111CA2CBB /* Other Frameworks */,
			);
			name = Frameworks;
			sourceTree = "<group>";
		};
		AA3971530D2C5DEF00855D68 /* includes */ = {
			isa = PBXGroup;
			children = (
				080E96DDFE201D6D7F000001 /* SDL */,
				AA3971570D2C5E1500855D68 /* StrUtils.h */,
				AA3971580D2C5E1500855D68 /* StrUtils.cpp */,
				AABE74490D26CC2400A3AA8B /* MD3 */,
			);
			name = includes;
			sourceTree = "<group>";
		};
		AA667BC40D353DF50003657B /* input */ = {
			isa = PBXGroup;
			children = (
				AA667BD10D353E120003657B /* camera */,
				AAEE40500D29371200DE9F02 /* input.cpp */,
				AAEE40510D29371200DE9F02 /* input.h */,
			);
			name = input;
			sourceTree = "<group>";
		};
		AA667BD10D353E120003657B /* camera */ = {
			isa = PBXGroup;
			children = (
				AA667BC50D353E0B0003657B /* glCamera.cc */,
				AA667BC60D353E0B0003657B /* glCamera.h */,
				AA667BC70D353E0B0003657B /* glPoint.cc */,
				AA667BC80D353E0B0003657B /* glPoint.h */,
				AA667BC90D353E0B0003657B /* glQuaternion.cc */,
				AA667BCA0D353E0B0003657B /* glQuaternion.h */,
				AA667BCB0D353E0B0003657B /* glVector.cc */,
				AA667BCC0D353E0B0003657B /* glVector.h */,
			);
			name = camera;
			sourceTree = "<group>";
		};
		AA9D57980D27C25B00089D4E /* guardas */ = {
			isa = PBXGroup;
			children = (
				AABE746E0D26CC5B00A3AA8B /* guard.cpp */,
				AABE74760D26CC5B00A3AA8B /* guard.h */,
				AA08848D0D27F58F00D7793D /* soldado.cpp */,
				AA08848C0D27F58F00D7793D /* soldado.h */,
			);
			name = guardas;
			sourceTree = "<group>";
		};
		AA9D579C0D27C34700089D4E /* Maps */ = {
			isa = PBXGroup;
			children = (
				AABE747B0D26CC5B00A3AA8B /* map.cpp */,
				AABE74740D26CC5B00A3AA8B /* map.h */,
				AA9D579A0D27C34100089D4E /* items.cpp */,
				AA9D57990D27C34100089D4E /* items.h */,
				AA7F76C40D3124670088B254 /* porta.cpp */,
				AA7F76C30D3124670088B254 /* porta.h */,
			);
			name = Maps;
			sourceTree = "<group>";
		};
		AA9D57E80D27CF6A00089D4E /* player */ = {
			isa = PBXGroup;
			children = (
				AABE74780D26CC5B00A3AA8B /* hud.cpp */,
				AABE74720D26CC5B00A3AA8B /* hud.h */,
				AABE747A0D26CC5B00A3AA8B /* player.cpp */,
				AABE74770D26CC5B00A3AA8B /* player.h */,
			);
			name = player;
			sourceTree = "<group>";
		};
		AABE743E0D26CC0600A3AA8B /* Source */ = {
			isa = PBXGroup;
			children = (
				AABE745E0D26CC3100A3AA8B /* game */,
				AA3971530D2C5DEF00855D68 /* includes */,
			);
			name = Source;
			sourceTree = "<group>";
		};
		AABE74490D26CC2400A3AA8B /* MD3 */ = {
			isa = PBXGroup;
			children = (
				AABE74510D26CC2D00A3AA8B /* Md3Model.cpp */,
				AABE744B0D26CC2D00A3AA8B /* Md3Model.h */,
				AABE74540D26CC2D00A3AA8B /* Md3Player.cpp */,
				AABE744D0D26CC2D00A3AA8B /* Md3Player.h */,
				AABE744E0D26CC2D00A3AA8B /* Image.h */,
				AABE74530D26CC2D00A3AA8B /* Texture.h */,
				AABE744F0D26CC2D00A3AA8B /* Texture.cpp */,
				AABE74500D26CC2D00A3AA8B /* TextureManager.h */,
				AABE74520D26CC2D00A3AA8B /* Image.cpp */,
				AABE74550D26CC2D00A3AA8B /* DataManager.h */,
				AABE74560D26CC2D00A3AA8B /* DataManager.inl */,
				AABE74570D26CC2D00A3AA8B /* Mathlib.h */,
				AABE744C0D26CC2D00A3AA8B /* Mathlib.inl */,
			);
			name = MD3;
			sourceTree = "<group>";
		};
		AABE745E0D26CC3100A3AA8B /* game */ = {
			isa = PBXGroup;
			children = (
				AA667BC40D353DF50003657B /* input */,
				AA9D57E80D27CF6A00089D4E /* player */,
				AA9D57980D27C25B00089D4E /* guardas */,
				AA9D579C0D27C34700089D4E /* Maps */,
				AABE747E0D26CC5B00A3AA8B /* console.cpp */,
				AABE746C0D26CC5B00A3AA8B /* console.h */,
				AABE746D0D26CC5B00A3AA8B /* config.cpp */,
				AABE746F0D26CC5B00A3AA8B /* config.h */,
				AABE74710D26CC5B00A3AA8B /* fisica.cpp */,
				AABE747F0D26CC5B00A3AA8B /* fisica.h */,
				AABE74730D26CC5B00A3AA8B /* rendering.cpp */,
				AABE74800D26CC5B00A3AA8B /* rendering.h */,
				AABE74700D26CC5B00A3AA8B /* sound.cpp */,
				AABE74750D26CC5B00A3AA8B /* sound.h */,
				AABE74830D26CC5B00A3AA8B /* game.cpp */,
				AABE747D0D26CC5B00A3AA8B /* game.h */,
				AABE74810D26CC5B00A3AA8B /* main.cpp */,
				AABE74820D26CC5B00A3AA8B /* main.h */,
			);
			name = game;
			sourceTree = "<group>";
		};
		AABE74960D26CC7E00A3AA8B /* lib */ = {
			isa = PBXGroup;
			children = (
				AAB2E5430D2AD5F100B65B5E /* libjpeg.a */,
				AAB2E5400D2AD3E400B65B5E /* libGLEW.a */,
			);
			name = lib;
			sourceTree = "<group>";
		};
/* End PBXGroup section */

/* Begin PBXNativeTarget section */
		8D1107260486CEB800E47090 /* Wolf */ = {
			isa = PBXNativeTarget;
			buildConfigurationList = C01FCF4A08A954540054247B /* Build configuration list for PBXNativeTarget "Wolf" */;
			buildPhases = (
				8D1107290486CEB800E47090 /* Resources */,
				8D11072C0486CEB800E47090 /* Sources */,
				8D11072E0486CEB800E47090 /* Frameworks */,
				002F39FD09D0883400EBEB88 /* Copy Frameworks into .app bundle */,
			);
			buildRules = (
			);
			dependencies = (
			);
			name = Wolf;
			productInstallPath = "$(HOME)/Applications";
			productName = "«PROJECTNAME»";
			productReference = 8D1107320486CEB800E47090 /* game.app */;
			productType = "com.apple.product-type.application";
		};
/* End PBXNativeTarget section */

/* Begin PBXProject section */
		29B97313FDCFA39411CA2CEA /* Project object */ = {
			isa = PBXProject;
			buildConfigurationList = C01FCF4E08A954540054247B /* Build configuration list for PBXProject "proj" */;
			compatibilityVersion = "Xcode 2.4";
			hasScannedForEncodings = 1;
			mainGroup = 29B97314FDCFA39411CA2CEA /* «PROJECTNAMEASXML» */;
			projectDirPath = "";
			projectRoot = "";
			targets = (
				8D1107260486CEB800E47090 /* Wolf */,
			);
		};
/* End PBXProject section */

/* Begin PBXResourcesBuildPhase section */
		8D1107290486CEB800E47090 /* Resources */ = {
			isa = PBXResourcesBuildPhase;
			buildActionMask = 2147483647;
			files = (
				8D11072B0486CEB800E47090 /* InfoPlist.strings in Resources */,
				AABE74580D26CC2D00A3AA8B /* Mathlib.inl in Resources */,
				AABE745D0D26CC2D00A3AA8B /* DataManager.inl in Resources */,
			);
			runOnlyForDeploymentPostprocessing = 0;
		};
/* End PBXResourcesBuildPhase section */

/* Begin PBXSourcesBuildPhase section */
		8D11072C0486CEB800E47090 /* Sources */ = {
			isa = PBXSourcesBuildPhase;
			buildActionMask = 2147483647;
			files = (
				002F3A2E09D0888800EBEB88 /* SDLMain.m in Sources */,
				AABE74590D26CC2D00A3AA8B /* Texture.cpp in Sources */,
				AABE745A0D26CC2D00A3AA8B /* Md3Model.cpp in Sources */,
				AABE745B0D26CC2D00A3AA8B /* Image.cpp in Sources */,
				AABE745C0D26CC2D00A3AA8B /* Md3Player.cpp in Sources */,
				AABE74840D26CC5B00A3AA8B /* config.cpp in Sources */,
				AABE74850D26CC5B00A3AA8B /* guard.cpp in Sources */,
				AABE74860D26CC5B00A3AA8B /* sound.cpp in Sources */,
				AABE74870D26CC5B00A3AA8B /* fisica.cpp in Sources */,
				AABE74880D26CC5B00A3AA8B /* rendering.cpp in Sources */,
				AABE74890D26CC5B00A3AA8B /* hud.cpp in Sources */,
				AABE748A0D26CC5B00A3AA8B /* player.cpp in Sources */,
				AABE748B0D26CC5B00A3AA8B /* map.cpp in Sources */,
				AABE748D0D26CC5B00A3AA8B /* console.cpp in Sources */,
				AABE748F0D26CC5B00A3AA8B /* game.cpp in Sources */,
				AA9D579B0D27C34100089D4E /* items.cpp in Sources */,
				AABE748E0D26CC5B00A3AA8B /* main.cpp in Sources */,
				AA08848E0D27F58F00D7793D /* soldado.cpp in Sources */,
				AAEE40520D29371200DE9F02 /* input.cpp in Sources */,
				AA3971590D2C5E1500855D68 /* StrUtils.cpp in Sources */,
				AA7F76C50D3124670088B254 /* porta.cpp in Sources */,
				AA667BCD0D353E0B0003657B /* glCamera.cc in Sources */,
				AA667BCE0D353E0B0003657B /* glPoint.cc in Sources */,
				AA667BCF0D353E0B0003657B /* glQuaternion.cc in Sources */,
				AA667BD00D353E0B0003657B /* glVector.cc in Sources */,
			);
			runOnlyForDeploymentPostprocessing = 0;
		};
/* End PBXSourcesBuildPhase section */

/* Begin PBXVariantGroup section */
		089C165CFE840E0CC02AAC07 /* InfoPlist.strings */ = {
			isa = PBXVariantGroup;
			children = (
				089C165DFE840E0CC02AAC07 /* English */,
			);
			name = InfoPlist.strings;
			sourceTree = "<group>";
		};
/* End PBXVariantGroup section */

/* Begin XCBuildConfiguration section */
		C01FCF4B08A954540054247B /* Debug */ = {
			isa = XCBuildConfiguration;
			buildSettings = {
				COPY_PHASE_STRIP = NO;
				GCC_DYNAMIC_NO_PIC = NO;
				GCC_ENABLE_FIX_AND_CONTINUE = YES;
				GCC_MODEL_TUNING = G5;
				GCC_OPTIMIZATION_LEVEL = 0;
				INFOPLIST_FILE = Info.plist;
				INSTALL_PATH = "$(HOME)/Applications";
				LIBRARY_SEARCH_PATHS = (
					"$(inherited)",
					/opt/local/lib,
					"$(LIBRARY_SEARCH_PATHS_QUOTED_FOR_TARGET_1)",
				);
				LIBRARY_SEARCH_PATHS_QUOTED_FOR_TARGET_1 = "\"$(SRCROOT)/lib\"";
				PRODUCT_NAME = game;
				WRAPPER_EXTENSION = app;
				ZERO_LINK = YES;
			};
			name = Debug;
		};
		C01FCF4C08A954540054247B /* Release */ = {
			isa = XCBuildConfiguration;
			buildSettings = {
				ARCHS = (
					ppc,
					i386,
				);
				GCC_GENERATE_DEBUGGING_SYMBOLS = NO;
				GCC_MODEL_TUNING = G5;
				INFOPLIST_FILE = Info.plist;
				INSTALL_PATH = "$(HOME)/Applications";
				LIBRARY_SEARCH_PATHS = (
					"$(inherited)",
					/opt/local/lib,
					"$(LIBRARY_SEARCH_PATHS_QUOTED_FOR_TARGET_1)",
				);
				LIBRARY_SEARCH_PATHS_QUOTED_FOR_TARGET_1 = "\"$(SRCROOT)/lib\"";
				PRODUCT_NAME = game;
				WRAPPER_EXTENSION = app;
			};
			name = Release;
		};
		C01FCF4F08A954540054247B /* Debug */ = {
			isa = XCBuildConfiguration;
			buildSettings = {
				ARCHS = "$(NATIVE_ARCH_32_BIT)";
				CONFIGURATION_BUILD_DIR = ../../;
				FRAMEWORK_SEARCH_PATHS = (
					"$(HOME)/Library/Frameworks",
					/Library/Frameworks,
					"$(FRAMEWORK_SEARCH_PATHS)",
				);
				GCC_WARN_ABOUT_RETURN_TYPE = YES;
				GCC_WARN_UNUSED_VARIABLE = YES;
				HEADER_SEARCH_PATHS = (
					"$(HEADER_SEARCH_PATHS_QUOTED_FOR_PROJECT_2)",
					"$(HOME)/Library/Frameworks/SDL.framework/Headers",
					/Library/Frameworks/SDL.framework/Headers,
					"$(HEADER_SEARCH_PATHS)",
					/Library/Frameworks/SDL_mixer.framework/Headers,
					/Library/Frameworks/SDL_ttf.framework/Headers,
					"$(HEADER_SEARCH_PATHS_QUOTED_FOR_PROJECT_1)",
				);
				HEADER_SEARCH_PATHS_QUOTED_FOR_PROJECT_1 = "\"$(PROJECT_DIR)/../include\"";
				HEADER_SEARCH_PATHS_QUOTED_FOR_PROJECT_2 = "\"$(PROJECT_DIR)/include\"";
				OTHER_CFLAGS = (
					"-I/opt/local/include/",
					"-DDEBUG",
				);
				PREBINDING = NO;
				PRODUCT_NAME = wolf;
				SDKROOT = /Developer/SDKs/MacOSX10.4u.sdk;
				VALID_ARCHS = "ppc i386 x86_64";
			};
			name = Debug;
		};
		C01FCF5008A954540054247B /* Release */ = {
			isa = XCBuildConfiguration;
			buildSettings = {
				ARCHS = "$(NATIVE_ARCH_32_BIT)";
				CONFIGURATION_BUILD_DIR = ../../;
				FRAMEWORK_SEARCH_PATHS = (
					"$(HOME)/Library/Frameworks",
					/Library/Frameworks,
					"$(FRAMEWORK_SEARCH_PATHS)",
				);
				GCC_WARN_ABOUT_RETURN_TYPE = YES;
				GCC_WARN_UNUSED_VARIABLE = YES;
				HEADER_SEARCH_PATHS = (
					"$(PROJECT_DIR)/include",
					"$(HOME)/Library/Frameworks/SDL.framework/Headers",
					/Library/Frameworks/SDL.framework/Headers,
					"$(HEADER_SEARCH_PATHS)",
					/Library/Frameworks/SDL_mixer.framework/Headers,
					/Library/Frameworks/SDL_ttf.framework/Headers,
					"$(HEADER_SEARCH_PATHS_QUOTED_FOR_PROJECT_1)",
				);
				HEADER_SEARCH_PATHS_QUOTED_FOR_PROJECT_1 = "\"$(PROJECT_DIR)/../include\"";
				OTHER_CFLAGS = "-I/opt/local/include/";
				PREBINDING = NO;
				PRODUCT_NAME = wolf;
				SDKROOT = /Developer/SDKs/MacOSX10.4u.sdk;
				VALID_ARCHS = "ppc i386 x86_64";
				VERSIONING_SYSTEM = "";
			};
			name = Release;
		};
/* End XCBuildConfiguration section */

/* Begin XCConfigurationList section */
		C01FCF4A08A954540054247B /* Build configuration list for PBXNativeTarget "Wolf" */ = {
			isa = XCConfigurationList;
			buildConfigurations = (
				C01FCF4B08A954540054247B /* Debug */,
				C01FCF4C08A954540054247B /* Release */,
			);
			defaultConfigurationIsVisible = 0;
			defaultConfigurationName = Release;
		};
		C01FCF4E08A954540054247B /* Build configuration list for PBXProject "proj" */ = {
			isa = XCConfigurationList;
			buildConfigurations = (
				C01FCF4F08A954540054247B /* Debug */,
				C01FCF5008A954540054247B /* Release */,
			);
			defaultConfigurationIsVisible = 0;
			defaultConfigurationName = Release;
		};
/* End XCConfigurationList section */
	};
	rootObject = 29B97313FDCFA39411CA2CEA /* Project object */;
}
